# This file is autogenerated, do not edit; changes may be undone by the next 'dep ensure'.


[[projects]]
  branch = "master"
  name = "github.com/buger/jsonparser"
  packages = ["."]
  revision = "bf1c66bbce23153d89b23f8960071a680dbef54b"

[solve-meta]
  analyzer-name = "dep"
  analyzer-version = 1
  inputs-digest = "ae2a6c117514cdc525b6a4f6e63209bfc0f45e93fe35c83fd44ef84d40b95657"
  solver-name = "gps-cdcl"
  solver-version = 1
